
Microsoft Visual Studio Solution File, Format Version 12.00
# Visual Studio Version 17
VisualStudioVersion = 17.9.34723.18
MinimumVisualStudioVersion = 10.0.40219.1
Project("{FAE04EC0-301F-11D3-BF4B-00C04F79EFBC}") = "SQLForm", "SQLForm\SQLForm.csproj", "{FAE639D0-2ABA-4EF6-ADCE-746DA3414567}"
EndProject
Global
	GlobalSection(SolutionConfigurationPlatforms) = preSolution
		Debug|Any CPU = Debug|Any CPU
		Release|Any CPU = Release|Any CPU
	EndGlobalSection
	GlobalSection(ProjectConfigurationPlatforms) = postSolution
		{FAE639D0-2ABA-4EF6-ADCE-746DA3414567}.Debug|Any CPU.ActiveCfg = Debug|Any CPU
		{FAE639D0-2ABA-4EF6-ADCE-746DA3414567}.Debug|Any CPU.Build.0 = Debug|Any CPU
		{FAE639D0-2ABA-4EF6-ADCE-746DA3414567}.Release|Any CPU.ActiveCfg = Release|Any CPU
		{FAE639D0-2ABA-4EF6-ADCE-746DA3414567}.Release|Any CPU.Build.0 = Release|Any CPU
	EndGlobalSection
	GlobalSection(SolutionProperties) = preSolution
		HideSolutionNode = FALSE
	EndGlobalSection
	GlobalSection(ExtensibilityGlobals) = postSolution
		SolutionGuid = {0906F808-62E5-4DF5-853C-7AF555B4B3C1}
	EndGlobalSection
EndGlobal
